
Microsoft Visual Studio Solution File, Format Version 12.00
# Visual Studio Version 16
VisualStudioVersion = 16.0.30225.117
MinimumVisualStudioVersion = 10.0.40219.1
Project("{9A19103F-16F7-4668-BE54-9A1E7A4F7556}") = "ShapeProgramSE4", "ShapeProgramSE4\ShapeProgramSE4.csproj", "{490E4553-9E80-4321-98D7-C60113CCF659}"
EndProject
Project("{FAE04EC0-301F-11D3-BF4B-00C04F79EFBC}") = "UnitTestsPLE", "UnitTestsPLE\UnitTestsPLE.csproj", "{81679A28-AB91-406F-9619-5A15EDBA22EC}"
EndProject
Global
	GlobalSection(SolutionConfigurationPlatforms) = preSolution
		Debug|Any CPU = Debug|Any CPU
		Release|Any CPU = Release|Any CPU
	EndGlobalSection
	GlobalSection(ProjectConfigurationPlatforms) = postSolution
		{490E4553-9E80-4321-98D7-C60113CCF659}.Debug|Any CPU.ActiveCfg = Debug|Any CPU
		{490E4553-9E80-4321-98D7-C60113CCF659}.Debug|Any CPU.Build.0 = Debug|Any CPU
		{490E4553-9E80-4321-98D7-C60113CCF659}.Release|Any CPU.ActiveCfg = Release|Any CPU
		{490E4553-9E80-4321-98D7-C60113CCF659}.Release|Any CPU.Build.0 = Release|Any CPU
		{81679A28-AB91-406F-9619-5A15EDBA22EC}.Debug|Any CPU.ActiveCfg = Debug|Any CPU
		{81679A28-AB91-406F-9619-5A15EDBA22EC}.Debug|Any CPU.Build.0 = Debug|Any CPU
		{81679A28-AB91-406F-9619-5A15EDBA22EC}.Release|Any CPU.ActiveCfg = Release|Any CPU
		{81679A28-AB91-406F-9619-5A15EDBA22EC}.Release|Any CPU.Build.0 = Release|Any CPU
	EndGlobalSection
	GlobalSection(SolutionProperties) = preSolution
		HideSolutionNode = FALSE
	EndGlobalSection
	GlobalSection(ExtensibilityGlobals) = postSolution
		SolutionGuid = {E3A82AA8-8F08-48AD-80DF-C87A8547580B}
	EndGlobalSection
EndGlobal
